
Microsoft Visual Studio Solution File, Format Version 12.00
# Visual Studio Version 17
VisualStudioVersion = 17.8.34330.188
MinimumVisualStudioVersion = 10.0.40219.1
Project("{FAE04EC0-301F-11D3-BF4B-00C04F79EFBC}") = "Фибоначчи", "Фибоначчи.csproj", "{8DD600CC-5C50-4955-9BD9-D2CC7CD87DC6}"
EndProject
Global
	GlobalSection(SolutionConfigurationPlatforms) = preSolution
		Debug|Any CPU = Debug|Any CPU
		Release|Any CPU = Release|Any CPU
	EndGlobalSection
	GlobalSection(ProjectConfigurationPlatforms) = postSolution
		{8DD600CC-5C50-4955-9BD9-D2CC7CD87DC6}.Debug|Any CPU.ActiveCfg = Debug|Any CPU
		{8DD600CC-5C50-4955-9BD9-D2CC7CD87DC6}.Debug|Any CPU.Build.0 = Debug|Any CPU
		{8DD600CC-5C50-4955-9BD9-D2CC7CD87DC6}.Release|Any CPU.ActiveCfg = Release|Any CPU
		{8DD600CC-5C50-4955-9BD9-D2CC7CD87DC6}.Release|Any CPU.Build.0 = Release|Any CPU
	EndGlobalSection
	GlobalSection(SolutionProperties) = preSolution
		HideSolutionNode = FALSE
	EndGlobalSection
	GlobalSection(ExtensibilityGlobals) = postSolution
		SolutionGuid = {DFAFEF00-7096-43A6-97D7-D53142ECB917}
	EndGlobalSection
EndGlobal
